
Microsoft Visual Studio Solution File, Format Version 12.00
# Visual Studio Version 17
VisualStudioVersion = 17.7.34221.43
MinimumVisualStudioVersion = 10.0.40219.1
Project("{FAE04EC0-301F-11D3-BF4B-00C04F79EFBC}") = "Codility-Dominator", "Codility-Dominator\Codility-Dominator.csproj", "{680E6A06-D6EA-474C-90B2-6DA0B1F54099}"
EndProject
Project("{FAE04EC0-301F-11D3-BF4B-00C04F79EFBC}") = "Codility-DominatorTests", "Codility-DominatorTests\Codility-DominatorTests.csproj", "{6E4424B3-7CE7-43EC-9E55-431EBB5FE6A1}"
EndProject
Global
	GlobalSection(SolutionConfigurationPlatforms) = preSolution
		Debug|Any CPU = Debug|Any CPU
		Release|Any CPU = Release|Any CPU
	EndGlobalSection
	GlobalSection(ProjectConfigurationPlatforms) = postSolution
		{680E6A06-D6EA-474C-90B2-6DA0B1F54099}.Debug|Any CPU.ActiveCfg = Debug|Any CPU
		{680E6A06-D6EA-474C-90B2-6DA0B1F54099}.Debug|Any CPU.Build.0 = Debug|Any CPU
		{680E6A06-D6EA-474C-90B2-6DA0B1F54099}.Release|Any CPU.ActiveCfg = Release|Any CPU
		{680E6A06-D6EA-474C-90B2-6DA0B1F54099}.Release|Any CPU.Build.0 = Release|Any CPU
		{6E4424B3-7CE7-43EC-9E55-431EBB5FE6A1}.Debug|Any CPU.ActiveCfg = Debug|Any CPU
		{6E4424B3-7CE7-43EC-9E55-431EBB5FE6A1}.Debug|Any CPU.Build.0 = Debug|Any CPU
		{6E4424B3-7CE7-43EC-9E55-431EBB5FE6A1}.Release|Any CPU.ActiveCfg = Release|Any CPU
		{6E4424B3-7CE7-43EC-9E55-431EBB5FE6A1}.Release|Any CPU.Build.0 = Release|Any CPU
	EndGlobalSection
	GlobalSection(SolutionProperties) = preSolution
		HideSolutionNode = FALSE
	EndGlobalSection
	GlobalSection(ExtensibilityGlobals) = postSolution
		SolutionGuid = {988CB6D5-4E63-40ED-AF4E-ACDE907232FE}
	EndGlobalSection
EndGlobal
